// !$*UTF8*$!
{
	archiveVersion = 1;
	classes = {
	};
	objectVersion = 110;
	objects = {

/* Begin PBXContainerItemProxy section */
		5333935E2FF5E40B009AD7A5 /* PBXContainerItemProxy */ = {
			isa = PBXContainerItemProxy;
			containerPortal = 533393482FF5E409009AD7A5 /* Project object */;
			proxyType = 1;
			remoteGlobalIDString = 5333934F2FF5E409009AD7A5;
			remoteInfo = GameTime;
		};
		533393682FF5E40B009AD7A5 /* PBXContainerItemProxy */ = {
			isa = PBXContainerItemProxy;
			containerPortal = 533393482FF5E409009AD7A5 /* Project object */;
			proxyType = 1;
			remoteGlobalIDString = 5333934F2FF5E409009AD7A5;
			remoteInfo = GameTime;
		};
/* End PBXContainerItemProxy section */

/* Begin PBXFileReference section */
		533393502FF5E409009AD7A5 /* GameTime.app */ = {isa = PBXFileReference; explicitFileType = wrapper.application; includeInIndex = 0; path = GameTime.app; sourceTree = BUILT_PRODUCTS_DIR; };
		5333935D2FF5E40B009AD7A5 /* GameTimeTests.xctest */ = {isa = PBXFileReference; explicitFileType = wrapper.cfbundle; includeInIndex = 0; path = GameTimeTests.xctest; sourceTree = BUILT_PRODUCTS_DIR; };
		533393672FF5E40B009AD7A5 /* GameTimeUITests.xctest */ = {isa = PBXFileReference; explicitFileType = wrapper.cfbundle; includeInIndex = 0; path = GameTimeUITests.xctest; sourceTree = BUILT_PRODUCTS_DIR; };
/* End PBXFileReference section */

/* Begin PBXFileSystemSynchronizedRootGroup section */
		533393522FF5E409009AD7A5 /* GameTime */ = {
			isa = PBXFileSystemSynchronizedRootGroup;
			path = GameTime;
			sourceTree = "<group>";
		};
		533393602FF5E40B009AD7A5 /* GameTimeTests */ = {
			isa = PBXFileSystemSynchronizedRootGroup;
			path = GameTimeTests;
			sourceTree = "<group>";
		};
		5333936A2FF5E40B009AD7A5 /* GameTimeUITests */ = {
			isa = PBXFileSystemSynchronizedRootGroup;
			path = GameTimeUITests;
			sourceTree = "<group>";
		};
/* End PBXFileSystemSynchronizedRootGroup section */

/* Begin PBXFrameworksBuildPhase section */
		5333934D2FF5E409009AD7A5 /* Frameworks */ = {
			isa = PBXFrameworksBuildPhase;
			files = (
			);
		};
		5333935A2FF5E40B009AD7A5 /* Frameworks */ = {
			isa = PBXFrameworksBuildPhase;
			files = (
			);
		};
		533393642FF5E40B009AD7A5 /* Frameworks */ = {
			isa = PBXFrameworksBuildPhase;
			files = (
			);
		};
/* End PBXFrameworksBuildPhase section */

/* Begin PBXGroup section */
		533393472FF5E409009AD7A5 = {
			isa = PBXGroup;
			children = (
				533393522FF5E409009AD7A5 /* GameTime */,
				533393602FF5E40B009AD7A5 /* GameTimeTests */,
				5333936A2FF5E40B009AD7A5 /* GameTimeUITests */,
				533393512FF5E409009AD7A5 /* Products */,
			);
			sourceTree = "<group>";
		};
		533393512FF5E409009AD7A5 /* Products */ = {
			isa = PBXGroup;
			children = (
				533393502FF5E409009AD7A5 /* GameTime.app */,
				5333935D2FF5E40B009AD7A5 /* GameTimeTests.xctest */,
				533393672FF5E40B009AD7A5 /* GameTimeUITests.xctest */,
			);
			name = Products;
			sourceTree = "<group>";
		};
/* End PBXGroup section */

/* Begin PBXNativeTarget section */
		5333934F2FF5E409009AD7A5 /* GameTime */ = {
			isa = PBXNativeTarget;
			buildConfigurationList = 5333936F2FF5E40B009AD7A5 /* Build configuration list for PBXNativeTarget "GameTime" */;
			buildPhases = (
				5333934C2FF5E409009AD7A5 /* Sources */,
				5333934D2FF5E409009AD7A5 /* Frameworks */,
				5333934E2FF5E409009AD7A5 /* Resources */,
			);
			buildRules = (
			);
			fileSystemSynchronizedGroups = (
				533393522FF5E409009AD7A5 /* GameTime */,
			);
			name = GameTime;
			productName = GameTime;
			productReference = 533393502FF5E409009AD7A5 /* GameTime.app */;
			productType = "com.apple.product-type.application";
		};
		5333935C2FF5E40B009AD7A5 /* GameTimeTests */ = {
			isa = PBXNativeTarget;
			buildConfigurationList = 533393722FF5E40B009AD7A5 /* Build configuration list for PBXNativeTarget "GameTimeTests" */;
			buildPhases = (
				533393592FF5E40B009AD7A5 /* Sources */,
				5333935A2FF5E40B009AD7A5 /* Frameworks */,
				5333935B2FF5E40B009AD7A5 /* Resources */,
			);
			buildRules = (
			);
			dependencies = (
				5333935F2FF5E40B009AD7A5 /* PBXTargetDependency */,
			);
			fileSystemSynchronizedGroups = (
				533393602FF5E40B009AD7A5 /* GameTimeTests */,
			);
			name = GameTimeTests;
			productName = GameTimeTests;
			productReference = 5333935D2FF5E40B009AD7A5 /* GameTimeTests.xctest */;
			productType = "com.apple.product-type.bundle.unit-test";
		};
		533393662FF5E40B009AD7A5 /* GameTimeUITests */ = {
			isa = PBXNativeTarget;
			buildConfigurationList = 533393752FF5E40B009AD7A5 /* Build configuration list for PBXNativeTarget "GameTimeUITests" */;
			buildPhases = (
				533393632FF5E40B009AD7A5 /* Sources */,
				533393642FF5E40B009AD7A5 /* Frameworks */,
				533393652FF5E40B009AD7A5 /* Resources */,
			);
			buildRules = (
			);
			dependencies = (
				533393692FF5E40B009AD7A5 /* PBXTargetDependency */,
			);
			fileSystemSynchronizedGroups = (
				5333936A2FF5E40B009AD7A5 /* GameTimeUITests */,
			);
			name = GameTimeUITests;
			productName = GameTimeUITests;
			productReference = 533393672FF5E40B009AD7A5 /* GameTimeUITests.xctest */;
			productType = "com.apple.product-type.bundle.ui-testing";
		};
/* End PBXNativeTarget section */

/* Begin PBXProject section */
		533393482FF5E409009AD7A5 /* Project object */ = {
			isa = PBXProject;
			attributes = {
				BuildIndependentTargetsInParallel = 1;
				LastSwiftUpdateCheck = 2700;
				LastUpgradeCheck = 2700;
				TargetAttributes = {
					5333934F2FF5E409009AD7A5 = {
						CreatedOnToolsVersion = 27.0;
					};
					5333935C2FF5E40B009AD7A5 = {
						CreatedOnToolsVersion = 27.0;
						TestTargetID = 5333934F2FF5E409009AD7A5;
					};
					533393662FF5E40B009AD7A5 = {
						CreatedOnToolsVersion = 27.0;
						TestTargetID = 5333934F2FF5E409009AD7A5;
					};
				};
			};
			buildConfigurationList = 5333934B2FF5E409009AD7A5 /* Build configuration list for PBXProject "GameTime" */;
			developmentRegion = en;
			hasScannedForEncodings = 0;
			knownRegions = (
				en,
				Base,
			);
			mainGroup = 533393472FF5E409009AD7A5;
			minimizedProjectReferenceProxies = 1;
			preferredProjectObjectVersion = 77;
			productRefGroup = 533393512FF5E409009AD7A5 /* Products */;
			projectDirPath = "";
			projectRoot = "";
			targets = (
				5333934F2FF5E409009AD7A5 /* GameTime */,
				5333935C2FF5E40B009AD7A5 /* GameTimeTests */,
				533393662FF5E40B009AD7A5 /* GameTimeUITests */,
			);
		};
/* End PBXProject section */

/* Begin PBXResourcesBuildPhase section */
		5333934E2FF5E409009AD7A5 /* Resources */ = {
			isa = PBXResourcesBuildPhase;
			files = (
			);
		};
		5333935B2FF5E40B009AD7A5 /* Resources */ = {
			isa = PBXResourcesBuildPhase;
			files = (
			);
		};
		533393652FF5E40B009AD7A5 /* Resources */ = {
			isa = PBXResourcesBuildPhase;
			files = (
			);
		};
/* End PBXResourcesBuildPhase section */

/* Begin PBXSourcesBuildPhase section */
		5333934C2FF5E409009AD7A5 /* Sources */ = {
			isa = PBXSourcesBuildPhase;
			files = (
			);
		};
		533393592FF5E40B009AD7A5 /* Sources */ = {
			isa = PBXSourcesBuildPhase;
			files = (
			);
		};
		533393632FF5E40B009AD7A5 /* Sources */ = {
			isa = PBXSourcesBuildPhase;
			files = (
			);
		};
/* End PBXSourcesBuildPhase section */

/* Begin PBXTargetDependency section */
		5333935F2FF5E40B009AD7A5 /* PBXTargetDependency */ = {
			isa = PBXTargetDependency;
			target = 5333934F2FF5E409009AD7A5 /* GameTime */;
			targetProxy = 5333935E2FF5E40B009AD7A5 /* PBXContainerItemProxy */;
		};
		533393692FF5E40B009AD7A5 /* PBXTargetDependency */ = {
			isa = PBXTargetDependency;
			target = 5333934F2FF5E409009AD7A5 /* GameTime */;
			targetProxy = 533393682FF5E40B009AD7A5 /* PBXContainerItemProxy */;
		};
/* End PBXTargetDependency section */

/* Begin XCBuildConfiguration section */
		5333936D2FF5E40B009AD7A5 /* Debug configuration for PBXProject "GameTime" */ = {
			isa = XCBuildConfiguration;
			buildSettings = {
				ALWAYS_SEARCH_USER_PATHS = NO;
				ASSETCATALOG_COMPILER_GENERATE_SWIFT_ASSET_SYMBOL_EXTENSIONS = YES;
				CLANG_ANALYZER_NONNULL = YES;
				CLANG_ANALYZER_NUMBER_OBJECT_CONVERSION = YES_AGGRESSIVE;
				CLANG_CXX_LANGUAGE_STANDARD = "gnu++20";
				CLANG_ENABLE_MODULES = YES;
				CLANG_ENABLE_OBJC_ARC = YES;
				CLANG_ENABLE_OBJC_WEAK = YES;
				CLANG_WARN_BLOCK_CAPTURE_AUTORELEASING = YES;
				CLANG_WARN_BOOL_CONVERSION = YES;
				CLANG_WARN_COMMA = YES;
				CLANG_WARN_CONSTANT_CONVERSION = YES;
				CLANG_WARN_DEPRECATED_OBJC_IMPLEMENTATIONS = YES;
				CLANG_WARN_DIRECT_OBJC_ISA_USAGE = YES_ERROR;
				CLANG_WARN_DOCUMENTATION_COMMENTS = YES;
				CLANG_WARN_EMPTY_BODY = YES;
				CLANG_WARN_ENUM_CONVERSION = YES;
				CLANG_WARN_INFINITE_RECURSION = YES;
				CLANG_WARN_INT_CONVERSION = YES;
				CLANG_WARN_NON_LITERAL_NULL_CONVERSION = YES;
				CLANG_WARN_OBJC_IMPLICIT_RETAIN_SELF = YES;
				CLANG_WARN_OBJC_LITERAL_CONVERSION = YES;
				CLANG_WARN_OBJC_ROOT_CLASS = YES_ERROR;
				CLANG_WARN_QUOTED_INCLUDE_IN_FRAMEWORK_HEADER = YES;
				CLANG_WARN_RANGE_LOOP_ANALYSIS = YES;
				CLANG_WARN_STRICT_PROTOTYPES = YES;
				CLANG_WARN_SUSPICIOUS_MOVE = YES;
				CLANG_WARN_UNGUARDED_AVAILABILITY = YES_AGGRESSIVE;
				CLANG_WARN_UNREACHABLE_CODE = YES;
				CLANG_WARN__DUPLICATE_METHOD_MATCH = YES;
				COPY_PHASE_STRIP = NO;
				DEBUG_INFORMATION_FORMAT = dwarf;
				DEVELOPMENT_TEAM = B9QLNQS5QW;
				ENABLE_STRICT_OBJC_MSGSEND = YES;
				ENABLE_TESTABILITY = YES;
				ENABLE_USER_SCRIPT_SANDBOXING = YES;
				GCC_C_LANGUAGE_STANDARD = gnu17;
				GCC_DYNAMIC_NO_PIC = NO;
				GCC_NO_COMMON_BLOCKS = YES;
				GCC_OPTIMIZATION_LEVEL = 0;
				GCC_PREPROCESSOR_DEFINITIONS = (
					"DEBUG=1",
					"$(inherited)",
				);
				GCC_WARN_64_TO_32_BIT_CONVERSION = YES;
				GCC_WARN_ABOUT_RETURN_TYPE = YES_ERROR;
				GCC_WARN_UNDECLARED_SELECTOR = YES;
				GCC_WARN_UNINITIALIZED_AUTOS = YES_AGGRESSIVE;
				GCC_WARN_UNUSED_FUNCTION = YES;
				GCC_WARN_UNUSED_VARIABLE = YES;
				IPHONEOS_DEPLOYMENT_TARGET = 27.0;
				LOCALIZATION_PREFERS_STRING_CATALOGS = YES;
				MTL_ENABLE_DEBUG_INFO = INCLUDE_SOURCE;
				MTL_FAST_MATH = YES;
				ONLY_ACTIVE_ARCH = YES;
				SDKROOT = iphoneos;
				SWIFT_ACTIVE_COMPILATION_CONDITIONS = "DEBUG $(inherited)";
				SWIFT_OPTIMIZATION_LEVEL = "-Onone";
			};
			name = Debug;
		};
		5333936E2FF5E40B009AD7A5 /* Release configuration for PBXProject "GameTime" */ = {
			isa = XCBuildConfiguration;
			buildSettings = {
				ALWAYS_SEARCH_USER_PATHS = NO;
				ASSETCATALOG_COMPILER_GENERATE_SWIFT_ASSET_SYMBOL_EXTENSIONS = YES;
				CLANG_ANALYZER_NONNULL = YES;
				CLANG_ANALYZER_NUMBER_OBJECT_CONVERSION = YES_AGGRESSIVE;
				CLANG_CXX_LANGUAGE_STANDARD = "gnu++20";
				CLANG_ENABLE_MODULES = YES;
				CLANG_ENABLE_OBJC_ARC = YES;
				CLANG_ENABLE_OBJC_WEAK = YES;
				CLANG_WARN_BLOCK_CAPTURE_AUTORELEASING = YES;
				CLANG_WARN_BOOL_CONVERSION = YES;
				CLANG_WARN_COMMA = YES;
				CLANG_WARN_CONSTANT_CONVERSION = YES;
				CLANG_WARN_DEPRECATED_OBJC_IMPLEMENTATIONS = YES;
				CLANG_WARN_DIRECT_OBJC_ISA_USAGE = YES_ERROR;
				CLANG_WARN_DOCUMENTATION_COMMENTS = YES;
				CLANG_WARN_EMPTY_BODY = YES;
				CLANG_WARN_ENUM_CONVERSION = YES;
				CLANG_WARN_INFINITE_RECURSION = YES;
				CLANG_WARN_INT_CONVERSION = YES;
				CLANG_WARN_NON_LITERAL_NULL_CONVERSION = YES;
				CLANG_WARN_OBJC_IMPLICIT_RETAIN_SELF = YES;
				CLANG_WARN_OBJC_LITERAL_CONVERSION = YES;
				CLANG_WARN_OBJC_ROOT_CLASS = YES_ERROR;
				CLANG_WARN_QUOTED_INCLUDE_IN_FRAMEWORK_HEADER = YES;
				CLANG_WARN_RANGE_LOOP_ANALYSIS = YES;
				CLANG_WARN_STRICT_PROTOTYPES = YES;
				CLANG_WARN_SUSPICIOUS_MOVE = YES;
				CLANG_WARN_UNGUARDED_AVAILABILITY = YES_AGGRESSIVE;
				CLANG_WARN_UNREACHABLE_CODE = YES;
				CLANG_WARN__DUPLICATE_METHOD_MATCH = YES;
				COPY_PHASE_STRIP = NO;
				DEBUG_INFORMATION_FORMAT = "dwarf-with-dsym";
				DEVELOPMENT_TEAM = B9QLNQS5QW;
				ENABLE_NS_ASSERTIONS = NO;
				ENABLE_STRICT_OBJC_MSGSEND = YES;
				ENABLE_USER_SCRIPT_SANDBOXING = YES;
				GCC_C_LANGUAGE_STANDARD = gnu17;
				GCC_NO_COMMON_BLOCKS = YES;
				GCC_WARN_64_TO_32_BIT_CONVERSION = YES;
				GCC_WARN_ABOUT_RETURN_TYPE = YES_ERROR;
				GCC_WARN_UNDECLARED_SELECTOR = YES;
				GCC_WARN_UNINITIALIZED_AUTOS = YES_AGGRESSIVE;
				GCC_WARN_UNUSED_FUNCTION = YES;
				GCC_WARN_UNUSED_VARIABLE = YES;
				IPHONEOS_DEPLOYMENT_TARGET = 27.0;
				LOCALIZATION_PREFERS_STRING_CATALOGS = YES;
				MTL_ENABLE_DEBUG_INFO = NO;
				MTL_FAST_MATH = YES;
				SDKROOT = iphoneos;
				SWIFT_COMPILATION_MODE = wholemodule;
				VALIDATE_PRODUCT = YES;
			};
			name = Release;
		};
		533393702FF5E40B009AD7A5 /* Debug configuration for PBXNativeTarget "GameTime" */ = {
			isa = XCBuildConfiguration;
			buildSettings = {
				ASSETCATALOG_COMPILER_APPICON_NAME = AppIcon;
				ASSETCATALOG_COMPILER_GLOBAL_ACCENT_COLOR_NAME = AccentColor;
				CODE_SIGN_STYLE = Automatic;
				CURRENT_PROJECT_VERSION = 1;
				DEVELOPMENT_TEAM = B9QLNQS5QW;
				ENABLE_PREVIEWS = YES;
				GENERATE_INFOPLIST_FILE = YES;
				INFOPLIST_KEY_UIApplicationSceneManifest_Generation = YES;
				INFOPLIST_KEY_UIApplicationSupportsIndirectInputEvents = YES;
				INFOPLIST_KEY_UILaunchScreen_Generation = YES;
				INFOPLIST_KEY_UISupportedInterfaceOrientations_iPad = "UIInterfaceOrientationPortrait UIInterfaceOrientationPortraitUpsideDown UIInterfaceOrientationLandscapeLeft UIInterfaceOrientationLandscapeRight";
				INFOPLIST_KEY_UISupportedInterfaceOrientations_iPhone = "UIInterfaceOrientationPortrait UIInterfaceOrientationLandscapeLeft UIInterfaceOrientationLandscapeRight";
				LD_RUNPATH_SEARCH_PATHS = (
					"$(inherited)",
					"@executable_path/Frameworks",
				);
				MARKETING_VERSION = 1.0;
				PRODUCT_BUNDLE_IDENTIFIER = PocketMaru.GameTime;
				PRODUCT_NAME = "$(TARGET_NAME)";
				STRING_CATALOG_GENERATE_SYMBOLS = YES;
				SWIFT_APPROACHABLE_CONCURRENCY = YES;
				SWIFT_DEFAULT_ACTOR_ISOLATION = nonisolated;
				SWIFT_EMIT_LOC_STRINGS = YES;
				SWIFT_UPCOMING_FEATURE_MEMBER_IMPORT_VISIBILITY = YES;
				SWIFT_VERSION = 6.0;
				TARGETED_DEVICE_FAMILY = "1,2";
			};
			name = Debug;
		};
		533393712FF5E40B009AD7A5 /* Release configuration for PBXNativeTarget "GameTime" */ = {
			isa = XCBuildConfiguration;
			buildSettings = {
				ASSETCATALOG_COMPILER_APPICON_NAME = AppIcon;
				ASSETCATALOG_COMPILER_GLOBAL_ACCENT_COLOR_NAME = AccentColor;
				CODE_SIGN_STYLE = Automatic;
				CURRENT_PROJECT_VERSION = 1;
				DEVELOPMENT_TEAM = B9QLNQS5QW;
				ENABLE_PREVIEWS = YES;
				GENERATE_INFOPLIST_FILE = YES;
				INFOPLIST_KEY_UIApplicationSceneManifest_Generation = YES;
				INFOPLIST_KEY_UIApplicationSupportsIndirectInputEvents = YES;
				INFOPLIST_KEY_UILaunchScreen_Generation = YES;
				INFOPLIST_KEY_UISupportedInterfaceOrientations_iPad = "UIInterfaceOrientationPortrait UIInterfaceOrientationPortraitUpsideDown UIInterfaceOrientationLandscapeLeft UIInterfaceOrientationLandscapeRight";
				INFOPLIST_KEY_UISupportedInterfaceOrientations_iPhone = "UIInterfaceOrientationPortrait UIInterfaceOrientationLandscapeLeft UIInterfaceOrientationLandscapeRight";
				LD_RUNPATH_SEARCH_PATHS = (
					"$(inherited)",
					"@executable_path/Frameworks",
				);
				MARKETING_VERSION = 1.0;
				PRODUCT_BUNDLE_IDENTIFIER = PocketMaru.GameTime;
				PRODUCT_NAME = "$(TARGET_NAME)";
				STRING_CATALOG_GENERATE_SYMBOLS = YES;
				SWIFT_APPROACHABLE_CONCURRENCY = YES;
				SWIFT_DEFAULT_ACTOR_ISOLATION = nonisolated;
				SWIFT_EMIT_LOC_STRINGS = YES;
				SWIFT_UPCOMING_FEATURE_MEMBER_IMPORT_VISIBILITY = YES;
				SWIFT_VERSION = 6.0;
				TARGETED_DEVICE_FAMILY = "1,2";
			};
			name = Release;
		};
		533393732FF5E40B009AD7A5 /* Debug configuration for PBXNativeTarget "GameTimeTests" */ = {
			isa = XCBuildConfiguration;
			buildSettings = {
				BUNDLE_LOADER = "$(TEST_HOST)";
				CODE_SIGN_STYLE = Automatic;
				CURRENT_PROJECT_VERSION = 1;
				DEVELOPMENT_TEAM = B9QLNQS5QW;
				GENERATE_INFOPLIST_FILE = YES;
				IPHONEOS_DEPLOYMENT_TARGET = 27.0;
				MARKETING_VERSION = 1.0;
				PRODUCT_BUNDLE_IDENTIFIER = PocketMaru.GameTimeTests;
				PRODUCT_NAME = "$(TARGET_NAME)";
				STRING_CATALOG_GENERATE_SYMBOLS = NO;
				SWIFT_APPROACHABLE_CONCURRENCY = YES;
				SWIFT_EMIT_LOC_STRINGS = NO;
				SWIFT_UPCOMING_FEATURE_MEMBER_IMPORT_VISIBILITY = YES;
				SWIFT_VERSION = 5.0;
				TARGETED_DEVICE_FAMILY = "1,2";
				TEST_HOST = "$(BUILT_PRODUCTS_DIR)/GameTime.app/$(BUNDLE_EXECUTABLE_FOLDER_PATH)/GameTime";
			};
			name = Debug;
		};
		533393742FF5E40B009AD7A5 /* Release configuration for PBXNativeTarget "GameTimeTests" */ = {
			isa = XCBuildConfiguration;
			buildSettings = {
				BUNDLE_LOADER = "$(TEST_HOST)";
				CODE_SIGN_STYLE = Automatic;
				CURRENT_PROJECT_VERSION = 1;
				DEVELOPMENT_TEAM = B9QLNQS5QW;
				GENERATE_INFOPLIST_FILE = YES;
				IPHONEOS_DEPLOYMENT_TARGET = 27.0;
				MARKETING_VERSION = 1.0;
				PRODUCT_BUNDLE_IDENTIFIER = PocketMaru.GameTimeTests;
				PRODUCT_NAME = "$(TARGET_NAME)";
				STRING_CATALOG_GENERATE_SYMBOLS = NO;
				SWIFT_APPROACHABLE_CONCURRENCY = YES;
				SWIFT_EMIT_LOC_STRINGS = NO;
				SWIFT_UPCOMING_FEATURE_MEMBER_IMPORT_VISIBILITY = YES;
				SWIFT_VERSION = 5.0;
				TARGETED_DEVICE_FAMILY = "1,2";
				TEST_HOST = "$(BUILT_PRODUCTS_DIR)/GameTime.app/$(BUNDLE_EXECUTABLE_FOLDER_PATH)/GameTime";
			};
			name = Release;
		};
		533393762FF5E40B009AD7A5 /* Debug configuration for PBXNativeTarget "GameTimeUITests" */ = {
			isa = XCBuildConfiguration;
			buildSettings = {
				CODE_SIGN_STYLE = Automatic;
				CURRENT_PROJECT_VERSION = 1;
				DEVELOPMENT_TEAM = B9QLNQS5QW;
				GENERATE_INFOPLIST_FILE = YES;
				MARKETING_VERSION = 1.0;
				PRODUCT_BUNDLE_IDENTIFIER = PocketMaru.GameTimeUITests;
				PRODUCT_NAME = "$(TARGET_NAME)";
				STRING_CATALOG_GENERATE_SYMBOLS = NO;
				SWIFT_APPROACHABLE_CONCURRENCY = YES;
				SWIFT_EMIT_LOC_STRINGS = NO;
				SWIFT_UPCOMING_FEATURE_MEMBER_IMPORT_VISIBILITY = YES;
				SWIFT_VERSION = 5.0;
				TARGETED_DEVICE_FAMILY = "1,2";
				TEST_TARGET_NAME = GameTime;
			};
			name = Debug;
		};
		533393772FF5E40B009AD7A5 /* Release configuration for PBXNativeTarget "GameTimeUITests" */ = {
			isa = XCBuildConfiguration;
			buildSettings = {
				CODE_SIGN_STYLE = Automatic;
				CURRENT_PROJECT_VERSION = 1;
				DEVELOPMENT_TEAM = B9QLNQS5QW;
				GENERATE_INFOPLIST_FILE = YES;
				MARKETING_VERSION = 1.0;
				PRODUCT_BUNDLE_IDENTIFIER = PocketMaru.GameTimeUITests;
				PRODUCT_NAME = "$(TARGET_NAME)";
				STRING_CATALOG_GENERATE_SYMBOLS = NO;
				SWIFT_APPROACHABLE_CONCURRENCY = YES;
				SWIFT_EMIT_LOC_STRINGS = NO;
				SWIFT_UPCOMING_FEATURE_MEMBER_IMPORT_VISIBILITY = YES;
				SWIFT_VERSION = 5.0;
				TARGETED_DEVICE_FAMILY = "1,2";
				TEST_TARGET_NAME = GameTime;
			};
			name = Release;
		};
/* End XCBuildConfiguration section */

/* Begin XCConfigurationList section */
		5333934B2FF5E409009AD7A5 /* Build configuration list for PBXProject "GameTime" */ = {
			isa = XCConfigurationList;
			buildConfigurations = (
				5333936D2FF5E40B009AD7A5 /* Debug configuration for PBXProject "GameTime" */,
				5333936E2FF5E40B009AD7A5 /* Release configuration for PBXProject "GameTime" */,
			);
			defaultConfigurationName = Release;
		};
		5333936F2FF5E40B009AD7A5 /* Build configuration list for PBXNativeTarget "GameTime" */ = {
			isa = XCConfigurationList;
			buildConfigurations = (
				533393702FF5E40B009AD7A5 /* Debug configuration for PBXNativeTarget "GameTime" */,
				533393712FF5E40B009AD7A5 /* Release configuration for PBXNativeTarget "GameTime" */,
			);
			defaultConfigurationName = Release;
		};
		533393722FF5E40B009AD7A5 /* Build configuration list for PBXNativeTarget "GameTimeTests" */ = {
			isa = XCConfigurationList;
			buildConfigurations = (
				533393732FF5E40B009AD7A5 /* Debug configuration for PBXNativeTarget "GameTimeTests" */,
				533393742FF5E40B009AD7A5 /* Release configuration for PBXNativeTarget "GameTimeTests" */,
			);
			defaultConfigurationName = Release;
		};
		533393752FF5E40B009AD7A5 /* Build configuration list for PBXNativeTarget "GameTimeUITests" */ = {
			isa = XCConfigurationList;
			buildConfigurations = (
				533393762FF5E40B009AD7A5 /* Debug configuration for PBXNativeTarget "GameTimeUITests" */,
				533393772FF5E40B009AD7A5 /* Release configuration for PBXNativeTarget "GameTimeUITests" */,
			);
			defaultConfigurationName = Release;
		};
/* End XCConfigurationList section */
	};
	rootObject = 533393482FF5E409009AD7A5 /* Project object */;
	validationLevel = 1;
}
